
Microsoft Visual Studio Solution File, Format Version 12.00
# Visual Studio Version 16
VisualStudioVersion = 16.0.29519.181
MinimumVisualStudioVersion = 10.0.40219.1
Project("{FAE04EC0-301F-11D3-BF4B-00C04F79EFBC}") = "ProjectMVC", "ProjectMVC\ProjectMVC.csproj", "{10865824-6956-4364-B0EB-34EF288155DA}"
EndProject
Project("{FAE04EC0-301F-11D3-BF4B-00C04F79EFBC}") = "ProjectServi", "ProjectServi\ProjectServi.csproj", "{6A35AD73-6633-43D9-91D4-C799DE9D80D2}"
EndProject
Global
	GlobalSection(SolutionConfigurationPlatforms) = preSolution
		Debug|Any CPU = Debug|Any CPU
		Release|Any CPU = Release|Any CPU
	EndGlobalSection
	GlobalSection(ProjectConfigurationPlatforms) = postSolution
		{10865824-6956-4364-B0EB-34EF288155DA}.Debug|Any CPU.ActiveCfg = Debug|Any CPU
		{10865824-6956-4364-B0EB-34EF288155DA}.Debug|Any CPU.Build.0 = Debug|Any CPU
		{10865824-6956-4364-B0EB-34EF288155DA}.Release|Any CPU.ActiveCfg = Release|Any CPU
		{10865824-6956-4364-B0EB-34EF288155DA}.Release|Any CPU.Build.0 = Release|Any CPU
		{6A35AD73-6633-43D9-91D4-C799DE9D80D2}.Debug|Any CPU.ActiveCfg = Debug|Any CPU
		{6A35AD73-6633-43D9-91D4-C799DE9D80D2}.Debug|Any CPU.Build.0 = Debug|Any CPU
		{6A35AD73-6633-43D9-91D4-C799DE9D80D2}.Release|Any CPU.ActiveCfg = Release|Any CPU
		{6A35AD73-6633-43D9-91D4-C799DE9D80D2}.Release|Any CPU.Build.0 = Release|Any CPU
	EndGlobalSection
	GlobalSection(SolutionProperties) = preSolution
		HideSolutionNode = FALSE
	EndGlobalSection
	GlobalSection(ExtensibilityGlobals) = postSolution
		SolutionGuid = {07D3D0C9-76A2-447A-AC86-E01FB9477F4B}
	EndGlobalSection
EndGlobal
